
Microsoft Visual Studio Solution File, Format Version 12.00
# Visual Studio Version 17
VisualStudioVersion = 17.9.34728.123
MinimumVisualStudioVersion = 10.0.40219.1
Project("{FAE04EC0-301F-11D3-BF4B-00C04F79EFBC}") = "SWIFT_MT_MX", "SWIFT_MT_MX\SWIFT_MT_MX.csproj", "{AA3F010B-EDDE-42AB-A181-4331F887A69A}"
EndProject
Global
	GlobalSection(SolutionConfigurationPlatforms) = preSolution
		Debug|Any CPU = Debug|Any CPU
		Release|Any CPU = Release|Any CPU
	EndGlobalSection
	GlobalSection(ProjectConfigurationPlatforms) = postSolution
		{AA3F010B-EDDE-42AB-A181-4331F887A69A}.Debug|Any CPU.ActiveCfg = Debug|Any CPU
		{AA3F010B-EDDE-42AB-A181-4331F887A69A}.Debug|Any CPU.Build.0 = Debug|Any CPU
		{AA3F010B-EDDE-42AB-A181-4331F887A69A}.Release|Any CPU.ActiveCfg = Release|Any CPU
		{AA3F010B-EDDE-42AB-A181-4331F887A69A}.Release|Any CPU.Build.0 = Release|Any CPU
	EndGlobalSection
	GlobalSection(SolutionProperties) = preSolution
		HideSolutionNode = FALSE
	EndGlobalSection
	GlobalSection(ExtensibilityGlobals) = postSolution
		SolutionGuid = {BC476734-5986-413A-A1E6-47D19CFE118A}
	EndGlobalSection
EndGlobal
